
Microsoft Visual Studio Solution File, Format Version 12.00
# Visual Studio 15
VisualStudioVersion = 15.0.28307.271
MinimumVisualStudioVersion = 10.0.40219.1
Project("{FAE04EC0-301F-11D3-BF4B-00C04F79EFBC}") = "YagnaSharpApi", "YagnaSharpApi\YagnaSharpApi.csproj", "{B3085C8A-9983-436A-8B62-CAC6E3DE3582}"
EndProject
Global
	GlobalSection(SolutionConfigurationPlatforms) = preSolution
		Debug|Any CPU = Debug|Any CPU
		Release|Any CPU = Release|Any CPU
	EndGlobalSection
	GlobalSection(ProjectConfigurationPlatforms) = postSolution
		{B3085C8A-9983-436A-8B62-CAC6E3DE3582}.Debug|Any CPU.ActiveCfg = Debug|Any CPU
		{B3085C8A-9983-436A-8B62-CAC6E3DE3582}.Debug|Any CPU.Build.0 = Debug|Any CPU
		{B3085C8A-9983-436A-8B62-CAC6E3DE3582}.Release|Any CPU.ActiveCfg = Release|Any CPU
		{B3085C8A-9983-436A-8B62-CAC6E3DE3582}.Release|Any CPU.Build.0 = Release|Any CPU
	EndGlobalSection
	GlobalSection(SolutionProperties) = preSolution
		HideSolutionNode = FALSE
	EndGlobalSection
	GlobalSection(ExtensibilityGlobals) = postSolution
		SolutionGuid = {699C8C0D-5A86-47C4-9EC2-93DCE0969A82}
	EndGlobalSection
EndGlobal
